
Microsoft Visual Studio Solution File, Format Version 12.00
# Visual Studio Version 17
VisualStudioVersion = 17.4.33110.190
MinimumVisualStudioVersion = 10.0.40219.1
Project("{9A19103F-16F7-4668-BE54-9A1E7A4F7556}") = "SRFM.MediaServices.API", "SRFM.MediaServices.API\SRFM.MediaServices.API.csproj", "{CA77A156-243B-4923-8F9D-28891F04F5E5}"
EndProject
Project("{9A19103F-16F7-4668-BE54-9A1E7A4F7556}") = "JwtServices", "JwtServices\JwtServices.csproj", "{E6D890DD-156D-42A6-A9AB-983604B089F9}"
EndProject
Global
	GlobalSection(SolutionConfigurationPlatforms) = preSolution
		Debug|Any CPU = Debug|Any CPU
		Release|Any CPU = Release|Any CPU
	EndGlobalSection
	GlobalSection(ProjectConfigurationPlatforms) = postSolution
		{CA77A156-243B-4923-8F9D-28891F04F5E5}.Debug|Any CPU.ActiveCfg = Debug|Any CPU
		{CA77A156-243B-4923-8F9D-28891F04F5E5}.Debug|Any CPU.Build.0 = Debug|Any CPU
		{CA77A156-243B-4923-8F9D-28891F04F5E5}.Release|Any CPU.ActiveCfg = Release|Any CPU
		{CA77A156-243B-4923-8F9D-28891F04F5E5}.Release|Any CPU.Build.0 = Release|Any CPU
		{E6D890DD-156D-42A6-A9AB-983604B089F9}.Debug|Any CPU.ActiveCfg = Debug|Any CPU
		{E6D890DD-156D-42A6-A9AB-983604B089F9}.Debug|Any CPU.Build.0 = Debug|Any CPU
		{E6D890DD-156D-42A6-A9AB-983604B089F9}.Release|Any CPU.ActiveCfg = Release|Any CPU
		{E6D890DD-156D-42A6-A9AB-983604B089F9}.Release|Any CPU.Build.0 = Release|Any CPU
	EndGlobalSection
	GlobalSection(SolutionProperties) = preSolution
		HideSolutionNode = FALSE
	EndGlobalSection
	GlobalSection(ExtensibilityGlobals) = postSolution
		SolutionGuid = {F211E099-7151-4E6C-A44A-B4E6EA34EE7D}
	EndGlobalSection
EndGlobal
